<?xml version="1.0" encoding="utf-8"?>
<Project ToolsVersion="4.0" xmlns="http://schemas.microsoft.com/developer/msbuild/2003">
  <ItemGroup>
    <Filter Include="Source Files">
      <UniqueIdentifier>{4FC737F1-C7A5-4376-A066-2A32D752A2FF}</UniqueIdentifier>
      <Extensions>cpp;c;cc;cxx;def;odl;idl;hpj;bat;asm;asmx</Extensions>
    </Filter>
    <Filter Include="Header Files">
      <UniqueIdentifier>{93995380-89BD-4b04-88EB-625FBE52EBFB}</UniqueIdentifier>
      <Extensions>h;hh;hpp;hxx;hm;inl;inc;xsd</Extensions>
    </Filter>
    <Filter Include="Resource Files">
      <UniqueIdentifier>{67DA6AB6-F800-4c08-8B7A-83BB121AAD01}</UniqueIdentifier>
      <Extensions>rc;ico;cur;bmp;dlg;rc2;rct;bin;rgs;gif;jpg;jpeg;jpe;resx;tiff;tif;png;wav;mfcribbon-ms</Extensions>
    </Filter>
    <Filter Include="DelegateLib">
      <UniqueIdentifier>{024858ca-97dd-434c-88f1-9c348761e0a1}</UniqueIdentifier>
    </Filter>
    <Filter Include="DelegateLib\Header">
      <UniqueIdentifier>{d1b02031-8299-4617-b1a1-83e849097d24}</UniqueIdentifier>
    </Filter>
    <Filter Include="DelegateLib\Source">
      <UniqueIdentifier>{484575d0-d1fb-4a2d-8ef6-5e790b92f64f}</UniqueIdentifier>
    </Filter>
    <Filter Include="dukglue">
      <UniqueIdentifier>{891b5501-8c9b-41fe-83d0-97818ff21f5c}</UniqueIdentifier>
    </Filter>
  </ItemGroup>
  <ItemGroup>
    <ClCompile Include="stdafx.cpp">
      <Filter>Source Files</Filter>
    </ClCompile>
    <ClCompile Include="Window.cpp">
      <Filter>Source Files</Filter>
    </ClCompile>
    <ClCompile Include="StyleManager.cpp">
      <Filter>Source Files</Filter>
    </ClCompile>
    <ClCompile Include="ShadowFrame.cpp">
      <Filter>Source Files</Filter>
    </ClCompile>
    <ClCompile Include="Button.cpp">
      <Filter>Source Files</Filter>
    </ClCompile>
    <ClCompile Include="Sprite.cpp">
      <Filter>Source Files</Filter>
    </ClCompile>
    <ClCompile Include="BoxLayout.cpp">
      <Filter>Source Files</Filter>
    </ClCompile>
    <ClCompile Include="ltk.cpp">
      <Filter>Source Files</Filter>
    </ClCompile>
    <ClCompile Include="3rd\tinyxml2.cpp">
      <Filter>Source Files</Filter>
    </ClCompile>
    <ClCompile Include="Common.cpp">
      <Filter>Source Files</Filter>
    </ClCompile>
    <ClCompile Include="ImeInput.cpp">
      <Filter>Source Files</Filter>
    </ClCompile>
    <ClCompile Include="Label.cpp">
      <Filter>Source Files</Filter>
    </ClCompile>
    <ClCompile Include="UniConversion.cpp">
      <Filter>Source Files</Filter>
    </ClCompile>
    <ClCompile Include="WindowLayout.cpp">
      <Filter>Source Files</Filter>
    </ClCompile>
    <ClCompile Include="ListView.cpp">
      <Filter>Source Files</Filter>
    </ClCompile>
    <ClCompile Include="ScrollBar.cpp">
      <Filter>Source Files</Filter>
    </ClCompile>
    <ClCompile Include="HeaderCtrl.cpp">
      <Filter>Source Files</Filter>
    </ClCompile>
    <ClCompile Include="Animation.cpp">
      <Filter>Source Files</Filter>
    </ClCompile>
    <ClCompile Include="TextEdit.cpp">
      <Filter>Source Files</Filter>
    </ClCompile>
    <ClCompile Include="ThreadHelper.cpp">
      <Filter>Source Files</Filter>
    </ClCompile>
    <ClCompile Include="TreeView.cpp">
      <Filter>Source Files</Filter>
    </ClCompile>
    <ClCompile Include="TimerManager.cpp">
      <Filter>Source Files</Filter>
    </ClCompile>
    <ClCompile Include="SetupStyles.cpp">
      <Filter>Source Files</Filter>
    </ClCompile>
    <ClCompile Include="AbstractButton.cpp">
      <Filter>Source Files</Filter>
    </ClCompile>
    <ClCompile Include="MenuBar.cpp">
      <Filter>Source Files</Filter>
    </ClCompile>
    <ClCompile Include="Object.cpp">
      <Filter>Source Files</Filter>
    </ClCompile>
    <ClCompile Include="Splitter.cpp">
      <Filter>Source Files</Filter>
    </ClCompile>
    <ClCompile Include="Delegate\WorkerThreadWin.cpp">
      <Filter>DelegateLib\Source</Filter>
    </ClCompile>
    <ClCompile Include="Delegate\Allocator.cpp">
      <Filter>DelegateLib\Source</Filter>
    </ClCompile>
    <ClCompile Include="Delegate\Fault.cpp">
      <Filter>DelegateLib\Source</Filter>
    </ClCompile>
    <ClCompile Include="Delegate\LockGuard.cpp">
      <Filter>DelegateLib\Source</Filter>
    </ClCompile>
    <ClCompile Include="Delegate\MulticastDelegateBase.cpp">
      <Filter>DelegateLib\Source</Filter>
    </ClCompile>
    <ClCompile Include="Delegate\Semaphore.cpp">
      <Filter>DelegateLib\Source</Filter>
    </ClCompile>
    <ClCompile Include="Delegate\ThreadWin.cpp">
      <Filter>DelegateLib\Source</Filter>
    </ClCompile>
    <ClCompile Include="Builder.cpp">
      <Filter>Source Files</Filter>
    </ClCompile>
    <ClCompile Include="HiddenWindow.cpp">
      <Filter>Source Files</Filter>
    </ClCompile>
    <ClCompile Include="Trackable.cpp">
      <Filter>Source Files</Filter>
    </ClCompile>
    <ClCompile Include="Main.cpp">
      <Filter>Source Files</Filter>
    </ClCompile>
  </ItemGroup>
  <ItemGroup>
    <ClInclude Include="stdafx.h">
      <Filter>Header Files</Filter>
    </ClInclude>
    <ClInclude Include="Window.h">
      <Filter>Header Files</Filter>
    </ClInclude>
    <ClInclude Include="StyleManager.h">
      <Filter>Header Files</Filter>
    </ClInclude>
    <ClInclude Include="ShadowFrame.h">
      <Filter>Header Files</Filter>
    </ClInclude>
    <ClInclude Include="BoxLayout.h">
      <Filter>Header Files</Filter>
    </ClInclude>
    <ClInclude Include="Button.h">
      <Filter>Header Files</Filter>
    </ClInclude>
    <ClInclude Include="Sprite.h">
      <Filter>Header Files</Filter>
    </ClInclude>
    <ClInclude Include="Container.h">
      <Filter>Header Files</Filter>
    </ClInclude>
    <ClInclude Include="ltk.h">
      <Filter>Header Files</Filter>
    </ClInclude>
    <ClInclude Include="3rd\tinyxml2.h">
      <Filter>Header Files</Filter>
    </ClInclude>
    <ClInclude Include="Common.h">
      <Filter>Header Files</Filter>
    </ClInclude>
    <ClInclude Include="ImeInput.h">
      <Filter>Header Files</Filter>
    </ClInclude>
    <ClInclude Include="Label.h">
      <Filter>Header Files</Filter>
    </ClInclude>
    <ClInclude Include="UniConversion.h">
      <Filter>Header Files</Filter>
    </ClInclude>
    <ClInclude Include="WindowLayout.h">
      <Filter>Header Files</Filter>
    </ClInclude>
    <ClInclude Include="ListView.h">
      <Filter>Header Files</Filter>
    </ClInclude>
    <ClInclude Include="ScrollBar.h">
      <Filter>Header Files</Filter>
    </ClInclude>
    <ClInclude Include="HeaderCtrl.h">
      <Filter>Header Files</Filter>
    </ClInclude>
    <ClInclude Include="Animation.h">
      <Filter>Header Files</Filter>
    </ClInclude>
    <ClInclude Include="TextEdit.h">
      <Filter>Header Files</Filter>
    </ClInclude>
    <ClInclude Include="ThreadHelper.h">
      <Filter>Header Files</Filter>
    </ClInclude>
    <ClInclude Include="TreeView.h">
      <Filter>Header Files</Filter>
    </ClInclude>
    <ClInclude Include="TimerManager.h">
      <Filter>Header Files</Filter>
    </ClInclude>
    <ClInclude Include="SetupStyles.h">
      <Filter>Header Files</Filter>
    </ClInclude>
    <ClInclude Include="AbstractButton.h">
      <Filter>Header Files</Filter>
    </ClInclude>
    <ClInclude Include="MenuBar.h">
      <Filter>Header Files</Filter>
    </ClInclude>
    <ClInclude Include="Splitter.h">
      <Filter>Header Files</Filter>
    </ClInclude>
    <ClInclude Include="Object.h">
      <Filter>Header Files</Filter>
    </ClInclude>
    <ClInclude Include="Delegate\WorkerThreadStd.h">
      <Filter>DelegateLib\Header</Filter>
    </ClInclude>
    <ClInclude Include="Delegate\WorkerThreadWin.h">
      <Filter>DelegateLib\Header</Filter>
    </ClInclude>
    <ClInclude Include="Delegate\xallocator.h">
      <Filter>DelegateLib\Header</Filter>
    </ClInclude>
    <ClInclude Include="Delegate\Allocator.h">
      <Filter>DelegateLib\Header</Filter>
    </ClInclude>
    <ClInclude Include="Delegate\DataTypes.h">
      <Filter>DelegateLib\Header</Filter>
    </ClInclude>
    <ClInclude Include="Delegate\Delegate.h">
      <Filter>DelegateLib\Header</Filter>
    </ClInclude>
    <ClInclude Include="Delegate\DelegateAsync.h">
      <Filter>DelegateLib\Header</Filter>
    </ClInclude>
    <ClInclude Include="Delegate\DelegateAsyncWait.h">
      <Filter>DelegateLib\Header</Filter>
    </ClInclude>
    <ClInclude Include="Delegate\DelegateInvoker.h">
      <Filter>DelegateLib\Header</Filter>
    </ClInclude>
    <ClInclude Include="Delegate\DelegateLib.h">
      <Filter>DelegateLib\Header</Filter>
    </ClInclude>
    <ClInclude Include="Delegate\DelegateMsg.h">
      <Filter>DelegateLib\Header</Filter>
    </ClInclude>
    <ClInclude Include="Delegate\DelegateOpt.h">
      <Filter>DelegateLib\Header</Filter>
    </ClInclude>
    <ClInclude Include="Delegate\DelegateSp.h">
      <Filter>DelegateLib\Header</Filter>
    </ClInclude>
    <ClInclude Include="Delegate\DelegateSpAsync.h">
      <Filter>DelegateLib\Header</Filter>
    </ClInclude>
    <ClInclude Include="Delegate\DelegateThread.h">
      <Filter>DelegateLib\Header</Filter>
    </ClInclude>
    <ClInclude Include="Delegate\Fault.h">
      <Filter>DelegateLib\Header</Filter>
    </ClInclude>
    <ClInclude Include="Delegate\LockGuard.h">
      <Filter>DelegateLib\Header</Filter>
    </ClInclude>
    <ClInclude Include="Delegate\MulticastDelegate.h">
      <Filter>DelegateLib\Header</Filter>
    </ClInclude>
    <ClInclude Include="Delegate\MulticastDelegateBase.h">
      <Filter>DelegateLib\Header</Filter>
    </ClInclude>
    <ClInclude Include="Delegate\MulticastDelegateSafe.h">
      <Filter>DelegateLib\Header</Filter>
    </ClInclude>
    <ClInclude Include="Delegate\Semaphore.h">
      <Filter>DelegateLib\Header</Filter>
    </ClInclude>
    <ClInclude Include="Delegate\SinglecastDelegate.h">
      <Filter>DelegateLib\Header</Filter>
    </ClInclude>
    <ClInclude Include="Delegate\ThreadMsg.h">
      <Filter>DelegateLib\Header</Filter>
    </ClInclude>
    <ClInclude Include="Delegate\ThreadWin.h">
      <Filter>DelegateLib\Header</Filter>
    </ClInclude>
    <ClInclude Include="Delegate\UserMsgs.h">
      <Filter>DelegateLib\Header</Filter>
    </ClInclude>
    <ClInclude Include="Main.h">
      <Filter>Header Files</Filter>
    </ClInclude>
    <ClInclude Include="Event.h">
      <Filter>Header Files</Filter>
    </ClInclude>
    <ClInclude Include="RTTI.h">
      <Filter>Header Files</Filter>
    </ClInclude>
    <ClInclude Include="Builder.h">
      <Filter>Header Files</Filter>
    </ClInclude>
    <ClInclude Include="HiddenWindow.h">
      <Filter>Header Files</Filter>
    </ClInclude>
    <ClInclude Include="Trackable.h">
      <Filter>Header Files</Filter>
    </ClInclude>
    <ClInclude Include="Delegate.hpp">
      <Filter>Header Files</Filter>
    </ClInclude>
  </ItemGroup>
  <ItemGroup>
    <None Include="cpp.hint" />
    <None Include="ltkcpp.def">
      <Filter>Source Files</Filter>
    </None>
  </ItemGroup>
</Project>